
Microsoft Visual Studio Solution File, Format Version 12.00
Project("{FAE04EC0-301F-11D3-BF4B-00C04F79EFBC}") = "DocXGenerateGibdd", "DocXGenerateGibdd\DocXGenerateGibdd.csproj", "{FD832A96-380E-4B43-B0FA-4F9149E33B24}"
EndProject
Global
	GlobalSection(SolutionConfigurationPlatforms) = preSolution
		Debug|Any CPU = Debug|Any CPU
		Release|Any CPU = Release|Any CPU
	EndGlobalSection
	GlobalSection(ProjectConfigurationPlatforms) = postSolution
		{FD832A96-380E-4B43-B0FA-4F9149E33B24}.Debug|Any CPU.ActiveCfg = Debug|Any CPU
		{FD832A96-380E-4B43-B0FA-4F9149E33B24}.Debug|Any CPU.Build.0 = Debug|Any CPU
		{FD832A96-380E-4B43-B0FA-4F9149E33B24}.Release|Any CPU.ActiveCfg = Release|Any CPU
		{FD832A96-380E-4B43-B0FA-4F9149E33B24}.Release|Any CPU.Build.0 = Release|Any CPU
	EndGlobalSection
EndGlobal
